
Microsoft Visual Studio Solution File, Format Version 12.00
# Visual Studio 15
VisualStudioVersion = 15.0.26730.16
MinimumVisualStudioVersion = 10.0.40219.1
Project("{FAE04EC0-301F-11D3-BF4B-00C04F79EFBC}") = "Att3", "Att3\Att3.csproj", "{DA6EE274-C653-4E33-A4ED-486B02AF8DEF}"
EndProject
Project("{FAE04EC0-301F-11D3-BF4B-00C04F79EFBC}") = "Logic", "Logic\Logic.csproj", "{0CDA3488-2452-482C-BDAD-42DFA30D3CA3}"
EndProject
Project("{FAE04EC0-301F-11D3-BF4B-00C04F79EFBC}") = "IOUtils", "Drawing\IOUtils.csproj", "{86742D65-18AB-48AD-AA79-7F87D12701BF}"
EndProject
Global
	GlobalSection(SolutionConfigurationPlatforms) = preSolution
		Debug|Any CPU = Debug|Any CPU
		Release|Any CPU = Release|Any CPU
	EndGlobalSection
	GlobalSection(ProjectConfigurationPlatforms) = postSolution
		{DA6EE274-C653-4E33-A4ED-486B02AF8DEF}.Debug|Any CPU.ActiveCfg = Debug|Any CPU
		{DA6EE274-C653-4E33-A4ED-486B02AF8DEF}.Debug|Any CPU.Build.0 = Debug|Any CPU
		{DA6EE274-C653-4E33-A4ED-486B02AF8DEF}.Release|Any CPU.ActiveCfg = Release|Any CPU
		{DA6EE274-C653-4E33-A4ED-486B02AF8DEF}.Release|Any CPU.Build.0 = Release|Any CPU
		{0CDA3488-2452-482C-BDAD-42DFA30D3CA3}.Debug|Any CPU.ActiveCfg = Debug|Any CPU
		{0CDA3488-2452-482C-BDAD-42DFA30D3CA3}.Debug|Any CPU.Build.0 = Debug|Any CPU
		{0CDA3488-2452-482C-BDAD-42DFA30D3CA3}.Release|Any CPU.ActiveCfg = Release|Any CPU
		{0CDA3488-2452-482C-BDAD-42DFA30D3CA3}.Release|Any CPU.Build.0 = Release|Any CPU
		{86742D65-18AB-48AD-AA79-7F87D12701BF}.Debug|Any CPU.ActiveCfg = Debug|Any CPU
		{86742D65-18AB-48AD-AA79-7F87D12701BF}.Debug|Any CPU.Build.0 = Debug|Any CPU
		{86742D65-18AB-48AD-AA79-7F87D12701BF}.Release|Any CPU.ActiveCfg = Release|Any CPU
		{86742D65-18AB-48AD-AA79-7F87D12701BF}.Release|Any CPU.Build.0 = Release|Any CPU
	EndGlobalSection
	GlobalSection(SolutionProperties) = preSolution
		HideSolutionNode = FALSE
	EndGlobalSection
	GlobalSection(ExtensibilityGlobals) = postSolution
		SolutionGuid = {ECC9FB17-48B6-49F4-8F98-326134D09153}
	EndGlobalSection
EndGlobal
